{
    "name": "lte-m-button",
    "version": "1.0.0",
    "lockfileVersion": 3,
    "requires": true,
    "packages": {
        "": {
            "name": "lte-m-button",
            "version": "1.0.0",
            "license": "SEE LICENSE IN LICENSE.txt",
            "dependencies": {
                "assemblyscript-json": "^1.1.0",
                "orbit-sdk-assemblyscript": "file:../../"
            },
            "devDependencies": {
                "@assemblyscript/loader": "^0.18.32",
                "@types/node": "^20.10.5",
                "assemblyscript": "^0.18.32",
                "typescript": "^5.3.3"
            },
            "engines": {
                "node": "~20"
            }
        },
        "../..": {
            "version": "1.0.0",
            "license": "SEE LICENSE IN LICENSE.txt",
            "devDependencies": {
                "@typescript-eslint/eslint-plugin": "^6.15.0",
                "@typescript-eslint/parser": "^6.15.0",
                "assemblyscript": "^0.18.32",
                "eslint": "^8.56.0",
                "eslint-config-prettier": "^9.1.0",
                "eslint-plugin-prettier": "^5.0.1",
                "prettier": "^3.1.1",
                "typescript": "^5.3.3"
            },
            "engines": {
                "node": "~20"
            }
        },
        "node_modules/@assemblyscript/loader": {
            "version": "0.18.32",
            "resolved": "https://registry.npmjs.org/@assemblyscript/loader/-/loader-0.18.32.tgz",
            "integrity": "sha512-fq+nWvQuwASkTgchjMsnLyharobzPJIKx4KGoSlkS1ffrsnjabok2oOH7jAIFW4RMz3JXjHxMONbAmcxzyrcUw==",
            "dev": true
        },
        "node_modules/@types/node": {
            "version": "20.10.5",
            "resolved": "https://registry.npmjs.org/@types/node/-/node-20.10.5.tgz",
            "integrity": "sha512-nNPsNE65wjMxEKI93yOP+NPGGBJz/PoN3kZsVLee0XMiJolxSekEVD8wRwBUBqkwc7UWop0edW50yrCQW4CyRw==",
            "dev": true,
            "dependencies": {
                "undici-types": "~5.26.4"
            }
        },
        "node_modules/assemblyscript": {
            "version": "0.18.32",
            "resolved": "https://registry.npmjs.org/assemblyscript/-/assemblyscript-0.18.32.tgz",
            "integrity": "sha512-Py6zremwGhO3nSoI/VxyVUzTZfNhTjzNzFDaUdG4JhPJHeG+FzVlEoNCrw4bE5nPc7F+P2DJ8tZQCqIt15ceKw==",
            "dev": true,
            "dependencies": {
                "binaryen": "100.0.0-nightly.20210413",
                "long": "^4.0.0"
            },
            "bin": {
                "asc": "bin/asc",
                "asinit": "bin/asinit"
            },
            "funding": {
                "type": "opencollective",
                "url": "https://opencollective.com/assemblyscript"
            }
        },
        "node_modules/assemblyscript-json": {
            "version": "1.1.0",
            "resolved": "https://registry.npmjs.org/assemblyscript-json/-/assemblyscript-json-1.1.0.tgz",
            "integrity": "sha512-UbE8ts8csTWQgd5TnSPN7MRV9NveuHv1bVnKmDLoo/tzjqxkmsZb3lu59Uk8H7SGoqdkDSEE049alx/nHnSdFw=="
        },
        "node_modules/binaryen": {
            "version": "100.0.0-nightly.20210413",
            "resolved": "https://registry.npmjs.org/binaryen/-/binaryen-100.0.0-nightly.20210413.tgz",
            "integrity": "sha512-EeGLIxQmJS0xnYl+SH34mNBqVMoixKd9nsE7S7z+CtS9A4eoWn3Qjav+XElgunUgXIHAI5yLnYT2TUGnLX2f1w==",
            "dev": true,
            "bin": {
                "wasm-opt": "bin/wasm-opt"
            }
        },
        "node_modules/long": {
            "version": "4.0.0",
            "resolved": "https://registry.npmjs.org/long/-/long-4.0.0.tgz",
            "integrity": "sha512-XsP+KhQif4bjX1kbuSiySJFNAehNxgLb6hPRGJ9QsUr8ajHkuXGdrHmFUTUUXhDwVX2R5bY4JNZEwbUiMhV+MA==",
            "dev": true
        },
        "node_modules/orbit-sdk-assemblyscript": {
            "resolved": "../..",
            "link": true
        },
        "node_modules/typescript": {
            "version": "5.3.3",
            "resolved": "https://registry.npmjs.org/typescript/-/typescript-5.3.3.tgz",
            "integrity": "sha512-pXWcraxM0uxAS+tN0AG/BF2TyqmHO014Z070UsJ+pFvYuRSq8KH8DmWpnbXe0pEPDHXZV3FcAbJkijJ5oNEnWw==",
            "dev": true,
            "bin": {
                "tsc": "bin/tsc",
                "tsserver": "bin/tsserver"
            },
            "engines": {
                "node": ">=14.17"
            }
        },
        "node_modules/undici-types": {
            "version": "5.26.5",
            "resolved": "https://registry.npmjs.org/undici-types/-/undici-types-5.26.5.tgz",
            "integrity": "sha512-JlCMO+ehdEIKqlFxk6IfVoAUVmgz7cU7zD/h9XZ0qzeosSHmUJVOzSQvvYSYWXkFXC+IfLKSIffhv0sVZup6pA==",
            "dev": true
        }
    }
}
